
Microsoft Visual Studio Solution File, Format Version 12.00
# Visual Studio Version 17
VisualStudioVersion = 17.1.32210.238
MinimumVisualStudioVersion = 10.0.40219.1
Project("{FAE04EC0-301F-11D3-BF4B-00C04F79EFBC}") = "WMI-Api", "WMI-Api\WMI-Api.csproj", "{A99D9898-C4AF-4868-A7E0-19E258E07B57}"
EndProject
Global
	GlobalSection(SolutionConfigurationPlatforms) = preSolution
		Debug|Any CPU = Debug|Any CPU
		Release|Any CPU = Release|Any CPU
	EndGlobalSection
	GlobalSection(ProjectConfigurationPlatforms) = postSolution
		{A99D9898-C4AF-4868-A7E0-19E258E07B57}.Debug|Any CPU.ActiveCfg = Debug|Any CPU
		{A99D9898-C4AF-4868-A7E0-19E258E07B57}.Debug|Any CPU.Build.0 = Debug|Any CPU
		{A99D9898-C4AF-4868-A7E0-19E258E07B57}.Release|Any CPU.ActiveCfg = Release|Any CPU
		{A99D9898-C4AF-4868-A7E0-19E258E07B57}.Release|Any CPU.Build.0 = Release|Any CPU
	EndGlobalSection
	GlobalSection(SolutionProperties) = preSolution
		HideSolutionNode = FALSE
	EndGlobalSection
	GlobalSection(ExtensibilityGlobals) = postSolution
		SolutionGuid = {4EA6EFC1-5B07-417F-9592-A1D6B7009D20}
	EndGlobalSection
EndGlobal
